
Microsoft Visual Studio Solution File, Format Version 12.00
# Visual Studio 14
VisualStudioVersion = 14.0.24720.0
MinimumVisualStudioVersion = 10.0.40219.1
Project("{2150E333-8FDC-42A3-9474-1A3956D46DE8}") = "Solution Items", "Solution Items", "{551F4A97-A990-49D7-8EFC-BB5B67B67301}"
	ProjectSection(SolutionItems) = preProject
		Diagrams.vsdx = Diagrams.vsdx
		Dokumentacja końcowa.docx = Dokumentacja końcowa.docx
		treść zadania.jpg = treść zadania.jpg
	EndProjectSection
EndProject
Project("{00D1A9C2-B5F0-4AF3-8072-F6C62B433612}") = "Pw.Elka.Bd2.Database", "Pw.Elka.Bd2.Database\Pw.Elka.Bd2.Database.sqlproj", "{2ED41ED5-BFE0-4629-80B5-D725E5390AF6}"
EndProject
Project("{FAE04EC0-301F-11D3-BF4B-00C04F79EFBC}") = "Pw.Elka.Bd2.Tests", "Pw.Elka.Bd2.Tests\Pw.Elka.Bd2.Tests.csproj", "{61521FF5-4948-4F69-B3B9-755953BF329F}"
EndProject
Global
	GlobalSection(SolutionConfigurationPlatforms) = preSolution
		Debug|Any CPU = Debug|Any CPU
		Release|Any CPU = Release|Any CPU
	EndGlobalSection
	GlobalSection(ProjectConfigurationPlatforms) = postSolution
		{2ED41ED5-BFE0-4629-80B5-D725E5390AF6}.Debug|Any CPU.ActiveCfg = Debug|Any CPU
		{2ED41ED5-BFE0-4629-80B5-D725E5390AF6}.Debug|Any CPU.Build.0 = Debug|Any CPU
		{2ED41ED5-BFE0-4629-80B5-D725E5390AF6}.Debug|Any CPU.Deploy.0 = Debug|Any CPU
		{2ED41ED5-BFE0-4629-80B5-D725E5390AF6}.Release|Any CPU.ActiveCfg = Release|Any CPU
		{2ED41ED5-BFE0-4629-80B5-D725E5390AF6}.Release|Any CPU.Build.0 = Release|Any CPU
		{2ED41ED5-BFE0-4629-80B5-D725E5390AF6}.Release|Any CPU.Deploy.0 = Release|Any CPU
		{61521FF5-4948-4F69-B3B9-755953BF329F}.Debug|Any CPU.ActiveCfg = Debug|Any CPU
		{61521FF5-4948-4F69-B3B9-755953BF329F}.Debug|Any CPU.Build.0 = Debug|Any CPU
		{61521FF5-4948-4F69-B3B9-755953BF329F}.Release|Any CPU.ActiveCfg = Release|Any CPU
		{61521FF5-4948-4F69-B3B9-755953BF329F}.Release|Any CPU.Build.0 = Release|Any CPU
	EndGlobalSection
	GlobalSection(SolutionProperties) = preSolution
		HideSolutionNode = FALSE
	EndGlobalSection
EndGlobal
